// !$*UTF8*$!
{
	archiveVersion = 1;
	classes = {
	};
	objectVersion = 46;
	objects = {

/* Begin PBXBuildFile section */
		653BB59A20081E290041F53E /* SDWebImage.framework in Frameworks */ = {isa = PBXBuildFile; fileRef = 653BB59920081E290041F53E /* SDWebImage.framework */; };
		653BB59C20081FE90041F53E /* MBProgressHUD.framework in Frameworks */ = {isa = PBXBuildFile; fileRef = 653BB59B20081FE90041F53E /* MBProgressHUD.framework */; };
		6570A3CC200815F1009125DE /* Alamofire.framework in Frameworks */ = {isa = PBXBuildFile; fileRef = 6570A3CB200815F1009125DE /* Alamofire.framework */; };
		659FB82A200808D30094559E /* AppDelegate.swift in Sources */ = {isa = PBXBuildFile; fileRef = 659FB829200808D30094559E /* AppDelegate.swift */; };
		659FB82C200808D30094559E /* ViewController.swift in Sources */ = {isa = PBXBuildFile; fileRef = 659FB82B200808D30094559E /* ViewController.swift */; };
		659FB82F200808D30094559E /* Main.storyboard in Resources */ = {isa = PBXBuildFile; fileRef = 659FB82D200808D30094559E /* Main.storyboard */; };
		659FB831200808D30094559E /* Assets.xcassets in Resources */ = {isa = PBXBuildFile; fileRef = 659FB830200808D30094559E /* Assets.xcassets */; };
		659FB834200808D30094559E /* LaunchScreen.storyboard in Resources */ = {isa = PBXBuildFile; fileRef = 659FB832200808D30094559E /* LaunchScreen.storyboard */; };
		C6CA0266C5B4CC90567DF422 /* Pods_jetRubyDribbbleApp.framework in Frameworks */ = {isa = PBXBuildFile; fileRef = 3E4AE57D9218E652E6B26851 /* Pods_jetRubyDribbbleApp.framework */; };
/* End PBXBuildFile section */

/* Begin PBXFileReference section */
		3E4AE57D9218E652E6B26851 /* Pods_jetRubyDribbbleApp.framework */ = {isa = PBXFileReference; explicitFileType = wrapper.framework; includeInIndex = 0; path = Pods_jetRubyDribbbleApp.framework; sourceTree = BUILT_PRODUCTS_DIR; };
		576BC734899DF5CD2FA87F83 /* Pods-jetRubyDribbbleApp.release.xcconfig */ = {isa = PBXFileReference; includeInIndex = 1; lastKnownFileType = text.xcconfig; name = "Pods-jetRubyDribbbleApp.release.xcconfig"; path = "Pods/Target Support Files/Pods-jetRubyDribbbleApp/Pods-jetRubyDribbbleApp.release.xcconfig"; sourceTree = "<group>"; };
		653BB59720081C1F0041F53E /* ObjectMapper.framework */ = {isa = PBXFileReference; lastKnownFileType = wrapper.framework; name = ObjectMapper.framework; path = "Pods/../build/Debug-iphoneos/ObjectMapper/ObjectMapper.framework"; sourceTree = "<group>"; };
		653BB59920081E290041F53E /* SDWebImage.framework */ = {isa = PBXFileReference; lastKnownFileType = wrapper.framework; name = SDWebImage.framework; path = "Pods/../build/Debug-iphoneos/SDWebImage/SDWebImage.framework"; sourceTree = "<group>"; };
		653BB59B20081FE90041F53E /* MBProgressHUD.framework */ = {isa = PBXFileReference; lastKnownFileType = wrapper.framework; name = MBProgressHUD.framework; path = "Pods/../build/Debug-iphoneos/MBProgressHUD/MBProgressHUD.framework"; sourceTree = "<group>"; };
		6570A3CB200815F1009125DE /* Alamofire.framework */ = {isa = PBXFileReference; lastKnownFileType = wrapper.framework; name = Alamofire.framework; path = "../../Library/Developer/Xcode/DerivedData/jetRubyDribbbleApp-flxjsqhmwsrhfzeqshscqrozgqud/Build/Products/Debug-iphonesimulator/Alamofire/Alamofire.framework"; sourceTree = "<group>"; };
		659FB826200808D30094559E /* jetRubyDribbbleApp.app */ = {isa = PBXFileReference; explicitFileType = wrapper.application; includeInIndex = 0; path = jetRubyDribbbleApp.app; sourceTree = BUILT_PRODUCTS_DIR; };
		659FB829200808D30094559E /* AppDelegate.swift */ = {isa = PBXFileReference; lastKnownFileType = sourcecode.swift; path = AppDelegate.swift; sourceTree = "<group>"; };
		659FB82B200808D30094559E /* ViewController.swift */ = {isa = PBXFileReference; lastKnownFileType = sourcecode.swift; path = ViewController.swift; sourceTree = "<group>"; };
		659FB82E200808D30094559E /* Base */ = {isa = PBXFileReference; lastKnownFileType = file.storyboard; name = Base; path = Base.lproj/Main.storyboard; sourceTree = "<group>"; };
		659FB830200808D30094559E /* Assets.xcassets */ = {isa = PBXFileReference; lastKnownFileType = folder.assetcatalog; path = Assets.xcassets; sourceTree = "<group>"; };
		659FB833200808D30094559E /* Base */ = {isa = PBXFileReference; lastKnownFileType = file.storyboard; name = Base; path = Base.lproj/LaunchScreen.storyboard; sourceTree = "<group>"; };
		659FB835200808D30094559E /* Info.plist */ = {isa = PBXFileReference; lastKnownFileType = text.plist.xml; path = Info.plist; sourceTree = "<group>"; };
		BF5A614F848FA724888DC733 /* Pods-jetRubyDribbbleApp.debug.xcconfig */ = {isa = PBXFileReference; includeInIndex = 1; lastKnownFileType = text.xcconfig; name = "Pods-jetRubyDribbbleApp.debug.xcconfig"; path = "Pods/Target Support Files/Pods-jetRubyDribbbleApp/Pods-jetRubyDribbbleApp.debug.xcconfig"; sourceTree = "<group>"; };
/* End PBXFileReference section */

/* Begin PBXFrameworksBuildPhase section */
		659FB823200808D30094559E /* Frameworks */ = {
			isa = PBXFrameworksBuildPhase;
			buildActionMask = 2147483647;
			files = (
				653BB59C20081FE90041F53E /* MBProgressHUD.framework in Frameworks */,
				653BB59A20081E290041F53E /* SDWebImage.framework in Frameworks */,
				6570A3CC200815F1009125DE /* Alamofire.framework in Frameworks */,
				C6CA0266C5B4CC90567DF422 /* Pods_jetRubyDribbbleApp.framework in Frameworks */,
			);
			runOnlyForDeploymentPostprocessing = 0;
		};
/* End PBXFrameworksBuildPhase section */

/* Begin PBXGroup section */
		03EC4E1E9B5E4D5545AF6FFA /* Pods */ = {
			isa = PBXGroup;
			children = (
				BF5A614F848FA724888DC733 /* Pods-jetRubyDribbbleApp.debug.xcconfig */,
				576BC734899DF5CD2FA87F83 /* Pods-jetRubyDribbbleApp.release.xcconfig */,
			);
			name = Pods;
			sourceTree = "<group>";
		};
		659FB81D200808D30094559E = {
			isa = PBXGroup;
			children = (
				659FB828200808D30094559E /* jetRubyDribbbleApp */,
				659FB827200808D30094559E /* Products */,
				03EC4E1E9B5E4D5545AF6FFA /* Pods */,
				6A1478D2283C135817222DE9 /* Frameworks */,
			);
			sourceTree = "<group>";
		};
		659FB827200808D30094559E /* Products */ = {
			isa = PBXGroup;
			children = (
				659FB826200808D30094559E /* jetRubyDribbbleApp.app */,
			);
			name = Products;
			sourceTree = "<group>";
		};
		659FB828200808D30094559E /* jetRubyDribbbleApp */ = {
			isa = PBXGroup;
			children = (
				659FB829200808D30094559E /* AppDelegate.swift */,
				659FB82B200808D30094559E /* ViewController.swift */,
				659FB82D200808D30094559E /* Main.storyboard */,
				659FB830200808D30094559E /* Assets.xcassets */,
				659FB832200808D30094559E /* LaunchScreen.storyboard */,
				659FB835200808D30094559E /* Info.plist */,
			);
			path = jetRubyDribbbleApp;
			sourceTree = "<group>";
		};
		6A1478D2283C135817222DE9 /* Frameworks */ = {
			isa = PBXGroup;
			children = (
				653BB59B20081FE90041F53E /* MBProgressHUD.framework */,
				653BB59920081E290041F53E /* SDWebImage.framework */,
				653BB59720081C1F0041F53E /* ObjectMapper.framework */,
				6570A3CB200815F1009125DE /* Alamofire.framework */,
				3E4AE57D9218E652E6B26851 /* Pods_jetRubyDribbbleApp.framework */,
			);
			name = Frameworks;
			sourceTree = "<group>";
		};
/* End PBXGroup section */

/* Begin PBXNativeTarget section */
		659FB825200808D30094559E /* jetRubyDribbbleApp */ = {
			isa = PBXNativeTarget;
			buildConfigurationList = 659FB838200808D30094559E /* Build configuration list for PBXNativeTarget "jetRubyDribbbleApp" */;
			buildPhases = (
				E7737AE3E78BEA04279FD03D /* [CP] Check Pods Manifest.lock */,
				659FB822200808D30094559E /* Sources */,
				659FB823200808D30094559E /* Frameworks */,
				659FB824200808D30094559E /* Resources */,
				FF87B1173B8EA6E1CEB82D69 /* [CP] Embed Pods Frameworks */,
				860D8BE557D508F98D7720F9 /* [CP] Copy Pods Resources */,
			);
			buildRules = (
			);
			dependencies = (
			);
			name = jetRubyDribbbleApp;
			productName = jetRubyDribbbleApp;
			productReference = 659FB826200808D30094559E /* jetRubyDribbbleApp.app */;
			productType = "com.apple.product-type.application";
		};
/* End PBXNativeTarget section */

/* Begin PBXProject section */
		659FB81E200808D30094559E /* Project object */ = {
			isa = PBXProject;
			attributes = {
				LastSwiftUpdateCheck = 0820;
				LastUpgradeCheck = 0820;
				ORGANIZATIONNAME = Novikov;
				TargetAttributes = {
					659FB825200808D30094559E = {
						CreatedOnToolsVersion = 8.2.1;
						DevelopmentTeam = TGD492P29B;
						ProvisioningStyle = Automatic;
					};
				};
			};
			buildConfigurationList = 659FB821200808D30094559E /* Build configuration list for PBXProject "jetRubyDribbbleApp" */;
			compatibilityVersion = "Xcode 3.2";
			developmentRegion = English;
			hasScannedForEncodings = 0;
			knownRegions = (
				en,
				Base,
			);
			mainGroup = 659FB81D200808D30094559E;
			productRefGroup = 659FB827200808D30094559E /* Products */;
			projectDirPath = "";
			projectRoot = "";
			targets = (
				659FB825200808D30094559E /* jetRubyDribbbleApp */,
			);
		};
/* End PBXProject section */

/* Begin PBXResourcesBuildPhase section */
		659FB824200808D30094559E /* Resources */ = {
			isa = PBXResourcesBuildPhase;
			buildActionMask = 2147483647;
			files = (
				659FB834200808D30094559E /* LaunchScreen.storyboard in Resources */,
				659FB831200808D30094559E /* Assets.xcassets in Resources */,
				659FB82F200808D30094559E /* Main.storyboard in Resources */,
			);
			runOnlyForDeploymentPostprocessing = 0;
		};
/* End PBXResourcesBuildPhase section */

/* Begin PBXShellScriptBuildPhase section */
		860D8BE557D508F98D7720F9 /* [CP] Copy Pods Resources */ = {
			isa = PBXShellScriptBuildPhase;
			buildActionMask = 2147483647;
			files = (
			);
			inputPaths = (
			);
			name = "[CP] Copy Pods Resources";
			outputPaths = (
			);
			runOnlyForDeploymentPostprocessing = 0;
			shellPath = /bin/sh;
			shellScript = "\"${SRCROOT}/Pods/Target Support Files/Pods-jetRubyDribbbleApp/Pods-jetRubyDribbbleApp-resources.sh\"\n";
			showEnvVarsInLog = 0;
		};
		E7737AE3E78BEA04279FD03D /* [CP] Check Pods Manifest.lock */ = {
			isa = PBXShellScriptBuildPhase;
			buildActionMask = 2147483647;
			files = (
			);
			inputPaths = (
				"${PODS_PODFILE_DIR_PATH}/Podfile.lock",
				"${PODS_ROOT}/Manifest.lock",
			);
			name = "[CP] Check Pods Manifest.lock";
			outputPaths = (
				"$(DERIVED_FILE_DIR)/Pods-jetRubyDribbbleApp-checkManifestLockResult.txt",
			);
			runOnlyForDeploymentPostprocessing = 0;
			shellPath = /bin/sh;
			shellScript = "diff \"${PODS_PODFILE_DIR_PATH}/Podfile.lock\" \"${PODS_ROOT}/Manifest.lock\" > /dev/null\nif [ $? != 0 ] ; then\n    # print error to STDERR\n    echo \"error: The sandbox is not in sync with the Podfile.lock. Run 'pod install' or update your CocoaPods installation.\" >&2\n    exit 1\nfi\n# This output is used by Xcode 'outputs' to avoid re-running this script phase.\necho \"SUCCESS\" > \"${SCRIPT_OUTPUT_FILE_0}\"\n";
			showEnvVarsInLog = 0;
		};
		FF87B1173B8EA6E1CEB82D69 /* [CP] Embed Pods Frameworks */ = {
			isa = PBXShellScriptBuildPhase;
			buildActionMask = 2147483647;
			files = (
			);
			inputPaths = (
				"${SRCROOT}/Pods/Target Support Files/Pods-jetRubyDribbbleApp/Pods-jetRubyDribbbleApp-frameworks.sh",
				"${BUILT_PRODUCTS_DIR}/Alamofire/Alamofire.framework",
				"${BUILT_PRODUCTS_DIR}/MBProgressHUD/MBProgressHUD.framework",
				"${BUILT_PRODUCTS_DIR}/SDWebImage/SDWebImage.framework",
			);
			name = "[CP] Embed Pods Frameworks";
			outputPaths = (
				"${TARGET_BUILD_DIR}/${FRAMEWORKS_FOLDER_PATH}/Alamofire.framework",
				"${TARGET_BUILD_DIR}/${FRAMEWORKS_FOLDER_PATH}/MBProgressHUD.framework",
				"${TARGET_BUILD_DIR}/${FRAMEWORKS_FOLDER_PATH}/SDWebImage.framework",
			);
			runOnlyForDeploymentPostprocessing = 0;
			shellPath = /bin/sh;
			shellScript = "\"${SRCROOT}/Pods/Target Support Files/Pods-jetRubyDribbbleApp/Pods-jetRubyDribbbleApp-frameworks.sh\"\n";
			showEnvVarsInLog = 0;
		};
/* End PBXShellScriptBuildPhase section */

/* Begin PBXSourcesBuildPhase section */
		659FB822200808D30094559E /* Sources */ = {
			isa = PBXSourcesBuildPhase;
			buildActionMask = 2147483647;
			files = (
				659FB82C200808D30094559E /* ViewController.swift in Sources */,
				659FB82A200808D30094559E /* AppDelegate.swift in Sources */,
			);
			runOnlyForDeploymentPostprocessing = 0;
		};
/* End PBXSourcesBuildPhase section */

/* Begin PBXVariantGroup section */
		659FB82D200808D30094559E /* Main.storyboard */ = {
			isa = PBXVariantGroup;
			children = (
				659FB82E200808D30094559E /* Base */,
			);
			name = Main.storyboard;
			sourceTree = "<group>";
		};
		659FB832200808D30094559E /* LaunchScreen.storyboard */ = {
			isa = PBXVariantGroup;
			children = (
				659FB833200808D30094559E /* Base */,
			);
			name = LaunchScreen.storyboard;
			sourceTree = "<group>";
		};
/* End PBXVariantGroup section */

/* Begin XCBuildConfiguration section */
		659FB836200808D30094559E /* Debug */ = {
			isa = XCBuildConfiguration;
			buildSettings = {
				ALWAYS_SEARCH_USER_PATHS = NO;
				CLANG_ANALYZER_NONNULL = YES;
				CLANG_CXX_LANGUAGE_STANDARD = "gnu++0x";
				CLANG_CXX_LIBRARY = "libc++";
				CLANG_ENABLE_MODULES = YES;
				CLANG_ENABLE_OBJC_ARC = YES;
				CLANG_WARN_BOOL_CONVERSION = YES;
				CLANG_WARN_CONSTANT_CONVERSION = YES;
				CLANG_WARN_DIRECT_OBJC_ISA_USAGE = YES_ERROR;
				CLANG_WARN_DOCUMENTATION_COMMENTS = YES;
				CLANG_WARN_EMPTY_BODY = YES;
				CLANG_WARN_ENUM_CONVERSION = YES;
				CLANG_WARN_INFINITE_RECURSION = YES;
				CLANG_WARN_INT_CONVERSION = YES;
				CLANG_WARN_OBJC_ROOT_CLASS = YES_ERROR;
				CLANG_WARN_SUSPICIOUS_MOVE = YES;
				CLANG_WARN_UNREACHABLE_CODE = YES;
				CLANG_WARN__DUPLICATE_METHOD_MATCH = YES;
				"CODE_SIGN_IDENTITY[sdk=iphoneos*]" = "iPhone Developer";
				COPY_PHASE_STRIP = NO;
				DEBUG_INFORMATION_FORMAT = dwarf;
				ENABLE_STRICT_OBJC_MSGSEND = YES;
				ENABLE_TESTABILITY = YES;
				GCC_C_LANGUAGE_STANDARD = gnu99;
				GCC_DYNAMIC_NO_PIC = NO;
				GCC_NO_COMMON_BLOCKS = YES;
				GCC_OPTIMIZATION_LEVEL = 0;
				GCC_PREPROCESSOR_DEFINITIONS = (
					"DEBUG=1",
					"$(inherited)",
				);
				GCC_WARN_64_TO_32_BIT_CONVERSION = YES;
				GCC_WARN_ABOUT_RETURN_TYPE = YES_ERROR;
				GCC_WARN_UNDECLARED_SELECTOR = YES;
				GCC_WARN_UNINITIALIZED_AUTOS = YES_AGGRESSIVE;
				GCC_WARN_UNUSED_FUNCTION = YES;
				GCC_WARN_UNUSED_VARIABLE = YES;
				IPHONEOS_DEPLOYMENT_TARGET = 10.2;
				MTL_ENABLE_DEBUG_INFO = YES;
				ONLY_ACTIVE_ARCH = YES;
				SDKROOT = iphoneos;
				SWIFT_ACTIVE_COMPILATION_CONDITIONS = DEBUG;
				SWIFT_OPTIMIZATION_LEVEL = "-Onone";
			};
			name = Debug;
		};
		659FB837200808D30094559E /* Release */ = {
			isa = XCBuildConfiguration;
			buildSettings = {
				ALWAYS_SEARCH_USER_PATHS = NO;
				CLANG_ANALYZER_NONNULL = YES;
				CLANG_CXX_LANGUAGE_STANDARD = "gnu++0x";
				CLANG_CXX_LIBRARY = "libc++";
				CLANG_ENABLE_MODULES = YES;
				CLANG_ENABLE_OBJC_ARC = YES;
				CLANG_WARN_BOOL_CONVERSION = YES;
				CLANG_WARN_CONSTANT_CONVERSION = YES;
				CLANG_WARN_DIRECT_OBJC_ISA_USAGE = YES_ERROR;
				CLANG_WARN_DOCUMENTATION_COMMENTS = YES;
				CLANG_WARN_EMPTY_BODY = YES;
				CLANG_WARN_ENUM_CONVERSION = YES;
				CLANG_WARN_INFINITE_RECURSION = YES;
				CLANG_WARN_INT_CONVERSION = YES;
				CLANG_WARN_OBJC_ROOT_CLASS = YES_ERROR;
				CLANG_WARN_SUSPICIOUS_MOVE = YES;
				CLANG_WARN_UNREACHABLE_CODE = YES;
				CLANG_WARN__DUPLICATE_METHOD_MATCH = YES;
				"CODE_SIGN_IDENTITY[sdk=iphoneos*]" = "iPhone Developer";
				COPY_PHASE_STRIP = NO;
				DEBUG_INFORMATION_FORMAT = "dwarf-with-dsym";
				ENABLE_NS_ASSERTIONS = NO;
				ENABLE_STRICT_OBJC_MSGSEND = YES;
				GCC_C_LANGUAGE_STANDARD = gnu99;
				GCC_NO_COMMON_BLOCKS = YES;
				GCC_WARN_64_TO_32_BIT_CONVERSION = YES;
				GCC_WARN_ABOUT_RETURN_TYPE = YES_ERROR;
				GCC_WARN_UNDECLARED_SELECTOR = YES;
				GCC_WARN_UNINITIALIZED_AUTOS = YES_AGGRESSIVE;
				GCC_WARN_UNUSED_FUNCTION = YES;
				GCC_WARN_UNUSED_VARIABLE = YES;
				IPHONEOS_DEPLOYMENT_TARGET = 10.2;
				MTL_ENABLE_DEBUG_INFO = NO;
				SDKROOT = iphoneos;
				SWIFT_OPTIMIZATION_LEVEL = "-Owholemodule";
				VALIDATE_PRODUCT = YES;
			};
			name = Release;
		};
		659FB839200808D30094559E /* Debug */ = {
			isa = XCBuildConfiguration;
			baseConfigurationReference = BF5A614F848FA724888DC733 /* Pods-jetRubyDribbbleApp.debug.xcconfig */;
			buildSettings = {
				ASSETCATALOG_COMPILER_APPICON_NAME = AppIcon;
				DEVELOPMENT_TEAM = TGD492P29B;
				FRAMEWORK_SEARCH_PATHS = (
					"$(inherited)",
					"$(PROJECT_DIR)/build/Debug-iphoneos/ObjectMapper",
					"$(PROJECT_DIR)/build/Debug-iphoneos/SDWebImage",
					"$(PROJECT_DIR)/build/Debug-iphoneos/MBProgressHUD",
				);
				INFOPLIST_FILE = jetRubyDribbbleApp/Info.plist;
				LD_RUNPATH_SEARCH_PATHS = "$(inherited) @executable_path/Frameworks";
				PRODUCT_BUNDLE_IDENTIFIER = swift.learning.jetRubyDribbbleApp;
				PRODUCT_NAME = "$(TARGET_NAME)";
				SWIFT_VERSION = 3.0;
			};
			name = Debug;
		};
		659FB83A200808D30094559E /* Release */ = {
			isa = XCBuildConfiguration;
			baseConfigurationReference = 576BC734899DF5CD2FA87F83 /* Pods-jetRubyDribbbleApp.release.xcconfig */;
			buildSettings = {
				ASSETCATALOG_COMPILER_APPICON_NAME = AppIcon;
				DEVELOPMENT_TEAM = TGD492P29B;
				FRAMEWORK_SEARCH_PATHS = (
					"$(inherited)",
					"$(PROJECT_DIR)/build/Debug-iphoneos/ObjectMapper",
					"$(PROJECT_DIR)/build/Debug-iphoneos/SDWebImage",
					"$(PROJECT_DIR)/build/Debug-iphoneos/MBProgressHUD",
				);
				INFOPLIST_FILE = jetRubyDribbbleApp/Info.plist;
				LD_RUNPATH_SEARCH_PATHS = "$(inherited) @executable_path/Frameworks";
				PRODUCT_BUNDLE_IDENTIFIER = swift.learning.jetRubyDribbbleApp;
				PRODUCT_NAME = "$(TARGET_NAME)";
				SWIFT_VERSION = 3.0;
			};
			name = Release;
		};
/* End XCBuildConfiguration section */

/* Begin XCConfigurationList section */
		659FB821200808D30094559E /* Build configuration list for PBXProject "jetRubyDribbbleApp" */ = {
			isa = XCConfigurationList;
			buildConfigurations = (
				659FB836200808D30094559E /* Debug */,
				659FB837200808D30094559E /* Release */,
			);
			defaultConfigurationIsVisible = 0;
			defaultConfigurationName = Release;
		};
		659FB838200808D30094559E /* Build configuration list for PBXNativeTarget "jetRubyDribbbleApp" */ = {
			isa = XCConfigurationList;
			buildConfigurations = (
				659FB839200808D30094559E /* Debug */,
				659FB83A200808D30094559E /* Release */,
			);
			defaultConfigurationIsVisible = 0;
			defaultConfigurationName = Release;
		};
/* End XCConfigurationList section */
	};
	rootObject = 659FB81E200808D30094559E /* Project object */;
}
